// !$*UTF8*$!
{
	archiveVersion = 1;
	classes = {
	};
	objectVersion = 46;
	objects = {

/* Begin PBXBuildFile section */
		2E0A78ED1B8BC96600B54772 /* AppDelegate.swift in Sources */ = {isa = PBXBuildFile; fileRef = 2E0A78EC1B8BC96600B54772 /* AppDelegate.swift */; };
		2E0A78EF1B8BC96600B54772 /* ViewController.swift in Sources */ = {isa = PBXBuildFile; fileRef = 2E0A78EE1B8BC96600B54772 /* ViewController.swift */; };
		2E0A78F21B8BC96600B54772 /* Main.storyboard in Resources */ = {isa = PBXBuildFile; fileRef = 2E0A78F01B8BC96600B54772 /* Main.storyboard */; };
		2E0A78F71B8BC96600B54772 /* Assets.xcassets in Resources */ = {isa = PBXBuildFile; fileRef = 2E0A78F61B8BC96600B54772 /* Assets.xcassets */; };
		2E0A78FA1B8BC96600B54772 /* LaunchScreen.storyboard in Resources */ = {isa = PBXBuildFile; fileRef = 2E0A78F81B8BC96600B54772 /* LaunchScreen.storyboard */; };
		2E0A79021B8BDCD900B54772 /* EventKit.framework in Frameworks */ = {isa = PBXBuildFile; fileRef = 2E0A79011B8BDCD900B54772 /* EventKit.framework */; };
		2E31F3021B8C877C002922E6 /* EventKitUI.framework in Frameworks */ = {isa = PBXBuildFile; fileRef = 2E31F3011B8C877C002922E6 /* EventKitUI.framework */; };
		8FC126E9CC8ACB044762D9CB /* Pods_WhatDate.framework in Frameworks */ = {isa = PBXBuildFile; fileRef = FB2F72498AED9386B813AF30 /* Pods_WhatDate.framework */; };
/* End PBXBuildFile section */

/* Begin PBXCopyFilesBuildPhase section */
		2E3AB0DE1BD84A3A0064BF77 /* Embed Frameworks */ = {
			isa = PBXCopyFilesBuildPhase;
			buildActionMask = 2147483647;
			dstPath = "";
			dstSubfolderSpec = 10;
			files = (
			);
			name = "Embed Frameworks";
			runOnlyForDeploymentPostprocessing = 0;
		};
/* End PBXCopyFilesBuildPhase section */

/* Begin PBXFileReference section */
		2E0A78E91B8BC96600B54772 /* WhatDate.app */ = {isa = PBXFileReference; explicitFileType = wrapper.application; includeInIndex = 0; path = WhatDate.app; sourceTree = BUILT_PRODUCTS_DIR; };
		2E0A78EC1B8BC96600B54772 /* AppDelegate.swift */ = {isa = PBXFileReference; lastKnownFileType = sourcecode.swift; path = AppDelegate.swift; sourceTree = "<group>"; };
		2E0A78EE1B8BC96600B54772 /* ViewController.swift */ = {isa = PBXFileReference; lastKnownFileType = sourcecode.swift; path = ViewController.swift; sourceTree = "<group>"; };
		2E0A78F11B8BC96600B54772 /* Base */ = {isa = PBXFileReference; lastKnownFileType = file.storyboard; name = Base; path = Base.lproj/Main.storyboard; sourceTree = "<group>"; };
		2E0A78F61B8BC96600B54772 /* Assets.xcassets */ = {isa = PBXFileReference; lastKnownFileType = folder.assetcatalog; path = Assets.xcassets; sourceTree = "<group>"; };
		2E0A78F91B8BC96600B54772 /* Base */ = {isa = PBXFileReference; lastKnownFileType = file.storyboard; name = Base; path = Base.lproj/LaunchScreen.storyboard; sourceTree = "<group>"; };
		2E0A78FB1B8BC96600B54772 /* Info.plist */ = {isa = PBXFileReference; lastKnownFileType = text.plist.xml; path = Info.plist; sourceTree = "<group>"; };
		2E0A79011B8BDCD900B54772 /* EventKit.framework */ = {isa = PBXFileReference; lastKnownFileType = wrapper.framework; name = EventKit.framework; path = System/Library/Frameworks/EventKit.framework; sourceTree = SDKROOT; };
		2E31F3011B8C877C002922E6 /* EventKitUI.framework */ = {isa = PBXFileReference; lastKnownFileType = wrapper.framework; name = EventKitUI.framework; path = System/Library/Frameworks/EventKitUI.framework; sourceTree = SDKROOT; };
		2E9FC4987EFA5B84580FA56A /* Pods-WhatDate.release.xcconfig */ = {isa = PBXFileReference; includeInIndex = 1; lastKnownFileType = text.xcconfig; name = "Pods-WhatDate.release.xcconfig"; path = "Pods/Target Support Files/Pods-WhatDate/Pods-WhatDate.release.xcconfig"; sourceTree = "<group>"; };
		686A7C645A9A59155D0AD559 /* Pods-WhatDate.debug.xcconfig */ = {isa = PBXFileReference; includeInIndex = 1; lastKnownFileType = text.xcconfig; name = "Pods-WhatDate.debug.xcconfig"; path = "Pods/Target Support Files/Pods-WhatDate/Pods-WhatDate.debug.xcconfig"; sourceTree = "<group>"; };
		FB2F72498AED9386B813AF30 /* Pods_WhatDate.framework */ = {isa = PBXFileReference; explicitFileType = wrapper.framework; includeInIndex = 0; path = Pods_WhatDate.framework; sourceTree = BUILT_PRODUCTS_DIR; };
/* End PBXFileReference section */

/* Begin PBXFrameworksBuildPhase section */
		2E0A78E61B8BC96600B54772 /* Frameworks */ = {
			isa = PBXFrameworksBuildPhase;
			buildActionMask = 2147483647;
			files = (
				2E31F3021B8C877C002922E6 /* EventKitUI.framework in Frameworks */,
				2E0A79021B8BDCD900B54772 /* EventKit.framework in Frameworks */,
				8FC126E9CC8ACB044762D9CB /* Pods_WhatDate.framework in Frameworks */,
			);
			runOnlyForDeploymentPostprocessing = 0;
		};
/* End PBXFrameworksBuildPhase section */

/* Begin PBXGroup section */
		0B4D649D6620A5EAB8D096C6 /* Pods */ = {
			isa = PBXGroup;
			children = (
				686A7C645A9A59155D0AD559 /* Pods-WhatDate.debug.xcconfig */,
				2E9FC4987EFA5B84580FA56A /* Pods-WhatDate.release.xcconfig */,
			);
			name = Pods;
			sourceTree = "<group>";
		};
		2E0A78E01B8BC96600B54772 = {
			isa = PBXGroup;
			children = (
				2E31F3011B8C877C002922E6 /* EventKitUI.framework */,
				2E0A79011B8BDCD900B54772 /* EventKit.framework */,
				2E0A78EB1B8BC96600B54772 /* Days From Today */,
				2E0A78EA1B8BC96600B54772 /* Products */,
				0B4D649D6620A5EAB8D096C6 /* Pods */,
				CA9CDF7DCC9955B54E80BB3C /* Frameworks */,
			);
			sourceTree = "<group>";
		};
		2E0A78EA1B8BC96600B54772 /* Products */ = {
			isa = PBXGroup;
			children = (
				2E0A78E91B8BC96600B54772 /* WhatDate.app */,
			);
			name = Products;
			sourceTree = "<group>";
		};
		2E0A78EB1B8BC96600B54772 /* Days From Today */ = {
			isa = PBXGroup;
			children = (
				2E0A78EC1B8BC96600B54772 /* AppDelegate.swift */,
				2E0A78EE1B8BC96600B54772 /* ViewController.swift */,
				2E0A78F01B8BC96600B54772 /* Main.storyboard */,
				2E0A78F61B8BC96600B54772 /* Assets.xcassets */,
				2E0A78F81B8BC96600B54772 /* LaunchScreen.storyboard */,
				2E0A78FB1B8BC96600B54772 /* Info.plist */,
			);
			path = "Days From Today";
			sourceTree = "<group>";
		};
		CA9CDF7DCC9955B54E80BB3C /* Frameworks */ = {
			isa = PBXGroup;
			children = (
				FB2F72498AED9386B813AF30 /* Pods_WhatDate.framework */,
			);
			name = Frameworks;
			sourceTree = "<group>";
		};
/* End PBXGroup section */

/* Begin PBXNativeTarget section */
		2E0A78E81B8BC96600B54772 /* WhatDate */ = {
			isa = PBXNativeTarget;
			buildConfigurationList = 2E0A78FE1B8BC96600B54772 /* Build configuration list for PBXNativeTarget "WhatDate" */;
			buildPhases = (
				3DE3F723ABFC03D25D54F3A5 /* [CP] Check Pods Manifest.lock */,
				2E0A78E51B8BC96600B54772 /* Sources */,
				2E0A78E61B8BC96600B54772 /* Frameworks */,
				2E0A78E71B8BC96600B54772 /* Resources */,
				2E3AB0DE1BD84A3A0064BF77 /* Embed Frameworks */,
				9D6F3124CD0C1A04A66EE815 /* [CP] Embed Pods Frameworks */,
			);
			buildRules = (
			);
			dependencies = (
			);
			name = WhatDate;
			productName = "Days From Today";
			productReference = 2E0A78E91B8BC96600B54772 /* WhatDate.app */;
			productType = "com.apple.product-type.application";
		};
/* End PBXNativeTarget section */

/* Begin PBXProject section */
		2E0A78E11B8BC96600B54772 /* Project object */ = {
			isa = PBXProject;
			attributes = {
				LastUpgradeCheck = 1010;
				ORGANIZATIONNAME = "Brandon Everett";
				TargetAttributes = {
					2E0A78E81B8BC96600B54772 = {
						CreatedOnToolsVersion = 7.0;
						DevelopmentTeam = KMSJ6H33G8;
						LastSwiftMigration = 1010;
					};
				};
			};
			buildConfigurationList = 2E0A78E41B8BC96600B54772 /* Build configuration list for PBXProject "WhatDate" */;
			compatibilityVersion = "Xcode 3.2";
			developmentRegion = English;
			hasScannedForEncodings = 0;
			knownRegions = (
				en,
				Base,
			);
			mainGroup = 2E0A78E01B8BC96600B54772;
			productRefGroup = 2E0A78EA1B8BC96600B54772 /* Products */;
			projectDirPath = "";
			projectRoot = "";
			targets = (
				2E0A78E81B8BC96600B54772 /* WhatDate */,
			);
		};
/* End PBXProject section */

/* Begin PBXResourcesBuildPhase section */
		2E0A78E71B8BC96600B54772 /* Resources */ = {
			isa = PBXResourcesBuildPhase;
			buildActionMask = 2147483647;
			files = (
				2E0A78FA1B8BC96600B54772 /* LaunchScreen.storyboard in Resources */,
				2E0A78F71B8BC96600B54772 /* Assets.xcassets in Resources */,
				2E0A78F21B8BC96600B54772 /* Main.storyboard in Resources */,
			);
			runOnlyForDeploymentPostprocessing = 0;
		};
/* End PBXResourcesBuildPhase section */

/* Begin PBXShellScriptBuildPhase section */
		3DE3F723ABFC03D25D54F3A5 /* [CP] Check Pods Manifest.lock */ = {
			isa = PBXShellScriptBuildPhase;
			buildActionMask = 2147483647;
			files = (
			);
			inputFileListPaths = (
			);
			inputPaths = (
				"${PODS_PODFILE_DIR_PATH}/Podfile.lock",
				"${PODS_ROOT}/Manifest.lock",
			);
			name = "[CP] Check Pods Manifest.lock";
			outputFileListPaths = (
			);
			outputPaths = (
				"$(DERIVED_FILE_DIR)/Pods-WhatDate-checkManifestLockResult.txt",
			);
			runOnlyForDeploymentPostprocessing = 0;
			shellPath = /bin/sh;
			shellScript = "diff \"${PODS_PODFILE_DIR_PATH}/Podfile.lock\" \"${PODS_ROOT}/Manifest.lock\" > /dev/null\nif [ $? != 0 ] ; then\n    # print error to STDERR\n    echo \"error: The sandbox is not in sync with the Podfile.lock. Run 'pod install' or update your CocoaPods installation.\" >&2\n    exit 1\nfi\n# This output is used by Xcode 'outputs' to avoid re-running this script phase.\necho \"SUCCESS\" > \"${SCRIPT_OUTPUT_FILE_0}\"\n";
			showEnvVarsInLog = 0;
		};
		9D6F3124CD0C1A04A66EE815 /* [CP] Embed Pods Frameworks */ = {
			isa = PBXShellScriptBuildPhase;
			buildActionMask = 2147483647;
			files = (
			);
			inputFileListPaths = (
			);
			inputPaths = (
				"${SRCROOT}/Pods/Target Support Files/Pods-WhatDate/Pods-WhatDate-frameworks.sh",
				"${BUILT_PRODUCTS_DIR}/Timepiece/Timepiece.framework",
			);
			name = "[CP] Embed Pods Frameworks";
			outputFileListPaths = (
			);
			outputPaths = (
				"${TARGET_BUILD_DIR}/${FRAMEWORKS_FOLDER_PATH}/Timepiece.framework",
			);
			runOnlyForDeploymentPostprocessing = 0;
			shellPath = /bin/sh;
			shellScript = "\"${SRCROOT}/Pods/Target Support Files/Pods-WhatDate/Pods-WhatDate-frameworks.sh\"\n";
			showEnvVarsInLog = 0;
		};
/* End PBXShellScriptBuildPhase section */

/* Begin PBXSourcesBuildPhase section */
		2E0A78E51B8BC96600B54772 /* Sources */ = {
			isa = PBXSourcesBuildPhase;
			buildActionMask = 2147483647;
			files = (
				2E0A78EF1B8BC96600B54772 /* ViewController.swift in Sources */,
				2E0A78ED1B8BC96600B54772 /* AppDelegate.swift in Sources */,
			);
			runOnlyForDeploymentPostprocessing = 0;
		};
/* End PBXSourcesBuildPhase section */

/* Begin PBXVariantGroup section */
		2E0A78F01B8BC96600B54772 /* Main.storyboard */ = {
			isa = PBXVariantGroup;
			children = (
				2E0A78F11B8BC96600B54772 /* Base */,
			);
			name = Main.storyboard;
			sourceTree = "<group>";
		};
		2E0A78F81B8BC96600B54772 /* LaunchScreen.storyboard */ = {
			isa = PBXVariantGroup;
			children = (
				2E0A78F91B8BC96600B54772 /* Base */,
			);
			name = LaunchScreen.storyboard;
			sourceTree = "<group>";
		};
/* End PBXVariantGroup section */

/* Begin XCBuildConfiguration section */
		2E0A78FC1B8BC96600B54772 /* Debug */ = {
			isa = XCBuildConfiguration;
			buildSettings = {
				ALWAYS_SEARCH_USER_PATHS = NO;
				CLANG_CXX_LANGUAGE_STANDARD = "gnu++0x";
				CLANG_CXX_LIBRARY = "libc++";
				CLANG_ENABLE_MODULES = YES;
				CLANG_ENABLE_OBJC_ARC = YES;
				CLANG_WARN_BLOCK_CAPTURE_AUTORELEASING = YES;
				CLANG_WARN_BOOL_CONVERSION = YES;
				CLANG_WARN_COMMA = YES;
				CLANG_WARN_CONSTANT_CONVERSION = YES;
				CLANG_WARN_DEPRECATED_OBJC_IMPLEMENTATIONS = YES;
				CLANG_WARN_DIRECT_OBJC_ISA_USAGE = YES_ERROR;
				CLANG_WARN_EMPTY_BODY = YES;
				CLANG_WARN_ENUM_CONVERSION = YES;
				CLANG_WARN_INFINITE_RECURSION = YES;
				CLANG_WARN_INT_CONVERSION = YES;
				CLANG_WARN_NON_LITERAL_NULL_CONVERSION = YES;
				CLANG_WARN_OBJC_IMPLICIT_RETAIN_SELF = YES;
				CLANG_WARN_OBJC_LITERAL_CONVERSION = YES;
				CLANG_WARN_OBJC_ROOT_CLASS = YES_ERROR;
				CLANG_WARN_RANGE_LOOP_ANALYSIS = YES;
				CLANG_WARN_STRICT_PROTOTYPES = YES;
				CLANG_WARN_SUSPICIOUS_MOVE = YES;
				CLANG_WARN_UNREACHABLE_CODE = YES;
				CLANG_WARN__DUPLICATE_METHOD_MATCH = YES;
				"CODE_SIGN_IDENTITY[sdk=iphoneos*]" = "iPhone Developer";
				COPY_PHASE_STRIP = NO;
				DEBUG_INFORMATION_FORMAT = dwarf;
				ENABLE_STRICT_OBJC_MSGSEND = YES;
				ENABLE_TESTABILITY = YES;
				GCC_C_LANGUAGE_STANDARD = gnu99;
				GCC_DYNAMIC_NO_PIC = NO;
				GCC_NO_COMMON_BLOCKS = YES;
				GCC_OPTIMIZATION_LEVEL = 0;
				GCC_PREPROCESSOR_DEFINITIONS = (
					"DEBUG=1",
					"$(inherited)",
				);
				GCC_WARN_64_TO_32_BIT_CONVERSION = YES;
				GCC_WARN_ABOUT_RETURN_TYPE = YES_ERROR;
				GCC_WARN_UNDECLARED_SELECTOR = YES;
				GCC_WARN_UNINITIALIZED_AUTOS = YES_AGGRESSIVE;
				GCC_WARN_UNUSED_FUNCTION = YES;
				GCC_WARN_UNUSED_VARIABLE = YES;
				IPHONEOS_DEPLOYMENT_TARGET = 8.4;
				MTL_ENABLE_DEBUG_INFO = YES;
				ONLY_ACTIVE_ARCH = YES;
				SDKROOT = iphoneos;
				SWIFT_OPTIMIZATION_LEVEL = "-Onone";
			};
			name = Debug;
		};
		2E0A78FD1B8BC96600B54772 /* Release */ = {
			isa = XCBuildConfiguration;
			buildSettings = {
				ALWAYS_SEARCH_USER_PATHS = NO;
				CLANG_CXX_LANGUAGE_STANDARD = "gnu++0x";
				CLANG_CXX_LIBRARY = "libc++";
				CLANG_ENABLE_MODULES = YES;
				CLANG_ENABLE_OBJC_ARC = YES;
				CLANG_WARN_BLOCK_CAPTURE_AUTORELEASING = YES;
				CLANG_WARN_BOOL_CONVERSION = YES;
				CLANG_WARN_COMMA = YES;
				CLANG_WARN_CONSTANT_CONVERSION = YES;
				CLANG_WARN_DEPRECATED_OBJC_IMPLEMENTATIONS = YES;
				CLANG_WARN_DIRECT_OBJC_ISA_USAGE = YES_ERROR;
				CLANG_WARN_EMPTY_BODY = YES;
				CLANG_WARN_ENUM_CONVERSION = YES;
				CLANG_WARN_INFINITE_RECURSION = YES;
				CLANG_WARN_INT_CONVERSION = YES;
				CLANG_WARN_NON_LITERAL_NULL_CONVERSION = YES;
				CLANG_WARN_OBJC_IMPLICIT_RETAIN_SELF = YES;
				CLANG_WARN_OBJC_LITERAL_CONVERSION = YES;
				CLANG_WARN_OBJC_ROOT_CLASS = YES_ERROR;
				CLANG_WARN_RANGE_LOOP_ANALYSIS = YES;
				CLANG_WARN_STRICT_PROTOTYPES = YES;
				CLANG_WARN_SUSPICIOUS_MOVE = YES;
				CLANG_WARN_UNREACHABLE_CODE = YES;
				CLANG_WARN__DUPLICATE_METHOD_MATCH = YES;
				"CODE_SIGN_IDENTITY[sdk=iphoneos*]" = "iPhone Developer";
				COPY_PHASE_STRIP = NO;
				DEBUG_INFORMATION_FORMAT = "dwarf-with-dsym";
				ENABLE_NS_ASSERTIONS = NO;
				ENABLE_STRICT_OBJC_MSGSEND = YES;
				GCC_C_LANGUAGE_STANDARD = gnu99;
				GCC_NO_COMMON_BLOCKS = YES;
				GCC_WARN_64_TO_32_BIT_CONVERSION = YES;
				GCC_WARN_ABOUT_RETURN_TYPE = YES_ERROR;
				GCC_WARN_UNDECLARED_SELECTOR = YES;
				GCC_WARN_UNINITIALIZED_AUTOS = YES_AGGRESSIVE;
				GCC_WARN_UNUSED_FUNCTION = YES;
				GCC_WARN_UNUSED_VARIABLE = YES;
				IPHONEOS_DEPLOYMENT_TARGET = 8.4;
				MTL_ENABLE_DEBUG_INFO = NO;
				SDKROOT = iphoneos;
				SWIFT_COMPILATION_MODE = wholemodule;
				VALIDATE_PRODUCT = YES;
			};
			name = Release;
		};
		2E0A78FF1B8BC96600B54772 /* Debug */ = {
			isa = XCBuildConfiguration;
			baseConfigurationReference = 686A7C645A9A59155D0AD559 /* Pods-WhatDate.debug.xcconfig */;
			buildSettings = {
				ASSETCATALOG_COMPILER_APPICON_NAME = AppIcon;
				CODE_SIGN_IDENTITY = "iPhone Developer";
				"CODE_SIGN_IDENTITY[sdk=iphoneos*]" = "iPhone Developer";
				FRAMEWORK_SEARCH_PATHS = "$(inherited)";
				INFOPLIST_FILE = "Days From Today/Info.plist";
				IPHONEOS_DEPLOYMENT_TARGET = 11.0;
				LD_RUNPATH_SEARCH_PATHS = "$(inherited) @executable_path/Frameworks";
				PRODUCT_BUNDLE_IDENTIFIER = WhatDate;
				PRODUCT_NAME = WhatDate;
				PROVISIONING_PROFILE = "";
				SWIFT_SWIFT3_OBJC_INFERENCE = Default;
				SWIFT_VERSION = 4.2;
			};
			name = Debug;
		};
		2E0A79001B8BC96600B54772 /* Release */ = {
			isa = XCBuildConfiguration;
			baseConfigurationReference = 2E9FC4987EFA5B84580FA56A /* Pods-WhatDate.release.xcconfig */;
			buildSettings = {
				ASSETCATALOG_COMPILER_APPICON_NAME = AppIcon;
				CODE_SIGN_IDENTITY = "iPhone Developer";
				"CODE_SIGN_IDENTITY[sdk=iphoneos*]" = "iPhone Developer";
				FRAMEWORK_SEARCH_PATHS = "$(inherited)";
				INFOPLIST_FILE = "Days From Today/Info.plist";
				IPHONEOS_DEPLOYMENT_TARGET = 11.0;
				LD_RUNPATH_SEARCH_PATHS = "$(inherited) @executable_path/Frameworks";
				PRODUCT_BUNDLE_IDENTIFIER = WhatDate;
				PRODUCT_NAME = WhatDate;
				PROVISIONING_PROFILE = "";
				SWIFT_SWIFT3_OBJC_INFERENCE = Default;
				SWIFT_VERSION = 4.2;
			};
			name = Release;
		};
/* End XCBuildConfiguration section */

/* Begin XCConfigurationList section */
		2E0A78E41B8BC96600B54772 /* Build configuration list for PBXProject "WhatDate" */ = {
			isa = XCConfigurationList;
			buildConfigurations = (
				2E0A78FC1B8BC96600B54772 /* Debug */,
				2E0A78FD1B8BC96600B54772 /* Release */,
			);
			defaultConfigurationIsVisible = 0;
			defaultConfigurationName = Release;
		};
		2E0A78FE1B8BC96600B54772 /* Build configuration list for PBXNativeTarget "WhatDate" */ = {
			isa = XCConfigurationList;
			buildConfigurations = (
				2E0A78FF1B8BC96600B54772 /* Debug */,
				2E0A79001B8BC96600B54772 /* Release */,
			);
			defaultConfigurationIsVisible = 0;
			defaultConfigurationName = Release;
		};
/* End XCConfigurationList section */
	};
	rootObject = 2E0A78E11B8BC96600B54772 /* Project object */;
}
